{
  "lockfileVersion": 2,
  "integrity": "sha256-16:7b78e41dfe040702",
  "note": "Per-skill hash = sha256 (16 hex) over every file in the skill dir; doctrine = shared/ + policies/ (vendored into native bundles). Regenerate with scripts/dev/update-lock.mjs; verify with --check.",
  "doctrine": {
    "shared": "sha256-16:6255cc38b50d1ce9",
    "policies": "sha256-16:6713450f532910ae"
  },
  "skills": {
    "penpot-router": {
      "version": "0.3.1",
      "hash": "sha256-16:bb1516d818f05424"
    },
    "penpot-foundations": {
      "version": "0.2.1",
      "hash": "sha256-16:6c6233de92aa85b3"
    },
    "penpot-component-factory": {
      "version": "0.3.0",
      "hash": "sha256-16:57051ae24d927a56"
    },
    "penpot-build-screen": {
      "version": "0.5.0",
      "hash": "sha256-16:e2fdbe0d800b719c"
    },
    "penpot-build-from-code": {
      "version": "0.3.0",
      "hash": "sha256-16:86f8226140582c72"
    },
    "penpot-build-deck": {
      "version": "0.2.0",
      "hash": "sha256-16:f7ff148cbb251c6c"
    },
    "penpot-anti-slop": {
      "version": "0.1.0",
      "hash": "sha256-16:1e131a1f7ae32965"
    },
    "penpot-document-handoff": {
      "version": "0.2.1",
      "hash": "sha256-16:a04ad0e40bd572a8"
    },
    "penpot-audit-accessibility": {
      "version": "0.3.0",
      "hash": "sha256-16:ee8fc0a854132363"
    },
    "penpot-audit-tokens": {
      "version": "0.2.1",
      "hash": "sha256-16:5a21d0ad04e0ffb6"
    },
    "penpot-design-to-code-review": {
      "version": "0.2.1",
      "hash": "sha256-16:ae10390de02f93d0"
    },
    "penpot-migrate": {
      "version": "0.2.1",
      "hash": "sha256-16:bfb25201f952c34e"
    },
    "penpot-rename-layers": {
      "version": "0.2.1",
      "hash": "sha256-16:8ceb7657791d35d2"
    },
    "penpot-design-md": {
      "version": "0.2.1",
      "hash": "sha256-16:0d4ed4ac4a8c9aa9"
    }
  }
}
